// !$*UTF8*$!
{
	archiveVersion = 1;
	classes = {
	};
	objectVersion = 46;
	objects = {

/* Begin PBXBuildFile section */
		6BFFB8171AAFD47D0006B1BB /* main.m in Sources */ = {isa = PBXBuildFile; fileRef = 6BFFB8161AAFD47D0006B1BB /* main.m */; };
		6BFFB81A1AAFD47D0006B1BB /* AppDelegate.m in Sources */ = {isa = PBXBuildFile; fileRef = 6BFFB8191AAFD47D0006B1BB /* AppDelegate.m */; };
		6BFFB8201AAFD47D0006B1BB /* Main.storyboard in Resources */ = {isa = PBXBuildFile; fileRef = 6BFFB81E1AAFD47D0006B1BB /* Main.storyboard */; };
		6BFFB8221AAFD47D0006B1BB /* Images.xcassets in Resources */ = {isa = PBXBuildFile; fileRef = 6BFFB8211AAFD47D0006B1BB /* Images.xcassets */; };
		6BFFB8251AAFD47D0006B1BB /* LaunchScreen.xib in Resources */ = {isa = PBXBuildFile; fileRef = 6BFFB8231AAFD47D0006B1BB /* LaunchScreen.xib */; };
		6BFFB8311AAFD47E0006B1BB /* HypnoNerdTests.m in Sources */ = {isa = PBXBuildFile; fileRef = 6BFFB8301AAFD47E0006B1BB /* HypnoNerdTests.m */; };
		6BFFB83C1AAFD4A10006B1BB /* BNRHypnosisView.m in Sources */ = {isa = PBXBuildFile; fileRef = 6BFFB83B1AAFD4A10006B1BB /* BNRHypnosisView.m */; };
		6BFFB83F1AAFD4DE0006B1BB /* BNRHypnosisViewController.m in Sources */ = {isa = PBXBuildFile; fileRef = 6BFFB83E1AAFD4DE0006B1BB /* BNRHypnosisViewController.m */; };
		6BFFB8421AAFD8B20006B1BB /* BNRReminderViewController.m in Sources */ = {isa = PBXBuildFile; fileRef = 6BFFB8411AAFD8B20006B1BB /* BNRReminderViewController.m */; };
		6BFFB8441AAFD9710006B1BB /* BNRReminderViewController.xib in Resources */ = {isa = PBXBuildFile; fileRef = 6BFFB8431AAFD9710006B1BB /* BNRReminderViewController.xib */; };
/* End PBXBuildFile section */

/* Begin PBXContainerItemProxy section */
		6BFFB82B1AAFD47E0006B1BB /* PBXContainerItemProxy */ = {
			isa = PBXContainerItemProxy;
			containerPortal = 6BFFB8091AAFD47D0006B1BB /* Project object */;
			proxyType = 1;
			remoteGlobalIDString = 6BFFB8101AAFD47D0006B1BB;
			remoteInfo = HypnoNerd;
		};
/* End PBXContainerItemProxy section */

/* Begin PBXFileReference section */
		6BFFB8111AAFD47D0006B1BB /* HypnoNerd.app */ = {isa = PBXFileReference; explicitFileType = wrapper.application; includeInIndex = 0; path = HypnoNerd.app; sourceTree = BUILT_PRODUCTS_DIR; };
		6BFFB8151AAFD47D0006B1BB /* Info.plist */ = {isa = PBXFileReference; lastKnownFileType = text.plist.xml; path = Info.plist; sourceTree = "<group>"; };
		6BFFB8161AAFD47D0006B1BB /* main.m */ = {isa = PBXFileReference; lastKnownFileType = sourcecode.c.objc; path = main.m; sourceTree = "<group>"; };
		6BFFB8181AAFD47D0006B1BB /* AppDelegate.h */ = {isa = PBXFileReference; lastKnownFileType = sourcecode.c.h; path = AppDelegate.h; sourceTree = "<group>"; };
		6BFFB8191AAFD47D0006B1BB /* AppDelegate.m */ = {isa = PBXFileReference; lastKnownFileType = sourcecode.c.objc; path = AppDelegate.m; sourceTree = "<group>"; };
		6BFFB81F1AAFD47D0006B1BB /* Base */ = {isa = PBXFileReference; lastKnownFileType = file.storyboard; name = Base; path = Base.lproj/Main.storyboard; sourceTree = "<group>"; };
		6BFFB8211AAFD47D0006B1BB /* Images.xcassets */ = {isa = PBXFileReference; lastKnownFileType = folder.assetcatalog; path = Images.xcassets; sourceTree = "<group>"; };
		6BFFB8241AAFD47D0006B1BB /* Base */ = {isa = PBXFileReference; lastKnownFileType = file.xib; name = Base; path = Base.lproj/LaunchScreen.xib; sourceTree = "<group>"; };
		6BFFB82A1AAFD47E0006B1BB /* HypnoNerdTests.xctest */ = {isa = PBXFileReference; explicitFileType = wrapper.cfbundle; includeInIndex = 0; path = HypnoNerdTests.xctest; sourceTree = BUILT_PRODUCTS_DIR; };
		6BFFB82F1AAFD47E0006B1BB /* Info.plist */ = {isa = PBXFileReference; lastKnownFileType = text.plist.xml; path = Info.plist; sourceTree = "<group>"; };
		6BFFB8301AAFD47E0006B1BB /* HypnoNerdTests.m */ = {isa = PBXFileReference; lastKnownFileType = sourcecode.c.objc; path = HypnoNerdTests.m; sourceTree = "<group>"; };
		6BFFB83A1AAFD4A10006B1BB /* BNRHypnosisView.h */ = {isa = PBXFileReference; fileEncoding = 4; lastKnownFileType = sourcecode.c.h; name = BNRHypnosisView.h; path = ../../Hypnosister/Hypnosister/BNRHypnosisView.h; sourceTree = "<group>"; };
		6BFFB83B1AAFD4A10006B1BB /* BNRHypnosisView.m */ = {isa = PBXFileReference; fileEncoding = 4; lastKnownFileType = sourcecode.c.objc; name = BNRHypnosisView.m; path = ../../Hypnosister/Hypnosister/BNRHypnosisView.m; sourceTree = "<group>"; };
		6BFFB83D1AAFD4DE0006B1BB /* BNRHypnosisViewController.h */ = {isa = PBXFileReference; fileEncoding = 4; lastKnownFileType = sourcecode.c.h; name = BNRHypnosisViewController.h; path = ../BNRHypnosisViewController.h; sourceTree = "<group>"; };
		6BFFB83E1AAFD4DE0006B1BB /* BNRHypnosisViewController.m */ = {isa = PBXFileReference; fileEncoding = 4; lastKnownFileType = sourcecode.c.objc; name = BNRHypnosisViewController.m; path = ../BNRHypnosisViewController.m; sourceTree = "<group>"; };
		6BFFB8401AAFD8B20006B1BB /* BNRReminderViewController.h */ = {isa = PBXFileReference; fileEncoding = 4; lastKnownFileType = sourcecode.c.h; name = BNRReminderViewController.h; path = ../BNRReminderViewController.h; sourceTree = "<group>"; };
		6BFFB8411AAFD8B20006B1BB /* BNRReminderViewController.m */ = {isa = PBXFileReference; fileEncoding = 4; lastKnownFileType = sourcecode.c.objc; name = BNRReminderViewController.m; path = ../BNRReminderViewController.m; sourceTree = "<group>"; };
		6BFFB8431AAFD9710006B1BB /* BNRReminderViewController.xib */ = {isa = PBXFileReference; fileEncoding = 4; lastKnownFileType = file.xib; path = BNRReminderViewController.xib; sourceTree = "<group>"; };
/* End PBXFileReference section */

/* Begin PBXFrameworksBuildPhase section */
		6BFFB80E1AAFD47D0006B1BB /* Frameworks */ = {
			isa = PBXFrameworksBuildPhase;
			buildActionMask = 2147483647;
			files = (
			);
			runOnlyForDeploymentPostprocessing = 0;
		};
		6BFFB8271AAFD47E0006B1BB /* Frameworks */ = {
			isa = PBXFrameworksBuildPhase;
			buildActionMask = 2147483647;
			files = (
			);
			runOnlyForDeploymentPostprocessing = 0;
		};
/* End PBXFrameworksBuildPhase section */

/* Begin PBXGroup section */
		6BFFB8081AAFD47D0006B1BB = {
			isa = PBXGroup;
			children = (
				6BFFB8131AAFD47D0006B1BB /* HypnoNerd */,
				6BFFB82D1AAFD47E0006B1BB /* HypnoNerdTests */,
				6BFFB8121AAFD47D0006B1BB /* Products */,
			);
			sourceTree = "<group>";
		};
		6BFFB8121AAFD47D0006B1BB /* Products */ = {
			isa = PBXGroup;
			children = (
				6BFFB8111AAFD47D0006B1BB /* HypnoNerd.app */,
				6BFFB82A1AAFD47E0006B1BB /* HypnoNerdTests.xctest */,
			);
			name = Products;
			sourceTree = "<group>";
		};
		6BFFB8131AAFD47D0006B1BB /* HypnoNerd */ = {
			isa = PBXGroup;
			children = (
				6BFFB8181AAFD47D0006B1BB /* AppDelegate.h */,
				6BFFB8191AAFD47D0006B1BB /* AppDelegate.m */,
				6BFFB83D1AAFD4DE0006B1BB /* BNRHypnosisViewController.h */,
				6BFFB83E1AAFD4DE0006B1BB /* BNRHypnosisViewController.m */,
				6BFFB83A1AAFD4A10006B1BB /* BNRHypnosisView.h */,
				6BFFB83B1AAFD4A10006B1BB /* BNRHypnosisView.m */,
				6BFFB8401AAFD8B20006B1BB /* BNRReminderViewController.h */,
				6BFFB8411AAFD8B20006B1BB /* BNRReminderViewController.m */,
				6BFFB8431AAFD9710006B1BB /* BNRReminderViewController.xib */,
				6BFFB81E1AAFD47D0006B1BB /* Main.storyboard */,
				6BFFB8211AAFD47D0006B1BB /* Images.xcassets */,
				6BFFB8231AAFD47D0006B1BB /* LaunchScreen.xib */,
				6BFFB8141AAFD47D0006B1BB /* Supporting Files */,
			);
			path = HypnoNerd;
			sourceTree = "<group>";
		};
		6BFFB8141AAFD47D0006B1BB /* Supporting Files */ = {
			isa = PBXGroup;
			children = (
				6BFFB8151AAFD47D0006B1BB /* Info.plist */,
				6BFFB8161AAFD47D0006B1BB /* main.m */,
			);
			name = "Supporting Files";
			sourceTree = "<group>";
		};
		6BFFB82D1AAFD47E0006B1BB /* HypnoNerdTests */ = {
			isa = PBXGroup;
			children = (
				6BFFB8301AAFD47E0006B1BB /* HypnoNerdTests.m */,
				6BFFB82E1AAFD47E0006B1BB /* Supporting Files */,
			);
			path = HypnoNerdTests;
			sourceTree = "<group>";
		};
		6BFFB82E1AAFD47E0006B1BB /* Supporting Files */ = {
			isa = PBXGroup;
			children = (
				6BFFB82F1AAFD47E0006B1BB /* Info.plist */,
			);
			name = "Supporting Files";
			sourceTree = "<group>";
		};
/* End PBXGroup section */

/* Begin PBXNativeTarget section */
		6BFFB8101AAFD47D0006B1BB /* HypnoNerd */ = {
			isa = PBXNativeTarget;
			buildConfigurationList = 6BFFB8341AAFD47E0006B1BB /* Build configuration list for PBXNativeTarget "HypnoNerd" */;
			buildPhases = (
				6BFFB80D1AAFD47D0006B1BB /* Sources */,
				6BFFB80E1AAFD47D0006B1BB /* Frameworks */,
				6BFFB80F1AAFD47D0006B1BB /* Resources */,
			);
			buildRules = (
			);
			dependencies = (
			);
			name = HypnoNerd;
			productName = HypnoNerd;
			productReference = 6BFFB8111AAFD47D0006B1BB /* HypnoNerd.app */;
			productType = "com.apple.product-type.application";
		};
		6BFFB8291AAFD47E0006B1BB /* HypnoNerdTests */ = {
			isa = PBXNativeTarget;
			buildConfigurationList = 6BFFB8371AAFD47E0006B1BB /* Build configuration list for PBXNativeTarget "HypnoNerdTests" */;
			buildPhases = (
				6BFFB8261AAFD47E0006B1BB /* Sources */,
				6BFFB8271AAFD47E0006B1BB /* Frameworks */,
				6BFFB8281AAFD47E0006B1BB /* Resources */,
			);
			buildRules = (
			);
			dependencies = (
				6BFFB82C1AAFD47E0006B1BB /* PBXTargetDependency */,
			);
			name = HypnoNerdTests;
			productName = HypnoNerdTests;
			productReference = 6BFFB82A1AAFD47E0006B1BB /* HypnoNerdTests.xctest */;
			productType = "com.apple.product-type.bundle.unit-test";
		};
/* End PBXNativeTarget section */

/* Begin PBXProject section */
		6BFFB8091AAFD47D0006B1BB /* Project object */ = {
			isa = PBXProject;
			attributes = {
				LastUpgradeCheck = 0620;
				ORGANIZATIONNAME = "Dustin Flanary";
				TargetAttributes = {
					6BFFB8101AAFD47D0006B1BB = {
						CreatedOnToolsVersion = 6.2;
					};
					6BFFB8291AAFD47E0006B1BB = {
						CreatedOnToolsVersion = 6.2;
						TestTargetID = 6BFFB8101AAFD47D0006B1BB;
					};
				};
			};
			buildConfigurationList = 6BFFB80C1AAFD47D0006B1BB /* Build configuration list for PBXProject "HypnoNerd" */;
			compatibilityVersion = "Xcode 3.2";
			developmentRegion = English;
			hasScannedForEncodings = 0;
			knownRegions = (
				en,
				Base,
			);
			mainGroup = 6BFFB8081AAFD47D0006B1BB;
			productRefGroup = 6BFFB8121AAFD47D0006B1BB /* Products */;
			projectDirPath = "";
			projectRoot = "";
			targets = (
				6BFFB8101AAFD47D0006B1BB /* HypnoNerd */,
				6BFFB8291AAFD47E0006B1BB /* HypnoNerdTests */,
			);
		};
/* End PBXProject section */

/* Begin PBXResourcesBuildPhase section */
		6BFFB80F1AAFD47D0006B1BB /* Resources */ = {
			isa = PBXResourcesBuildPhase;
			buildActionMask = 2147483647;
			files = (
				6BFFB8201AAFD47D0006B1BB /* Main.storyboard in Resources */,
				6BFFB8441AAFD9710006B1BB /* BNRReminderViewController.xib in Resources */,
				6BFFB8251AAFD47D0006B1BB /* LaunchScreen.xib in Resources */,
				6BFFB8221AAFD47D0006B1BB /* Images.xcassets in Resources */,
			);
			runOnlyForDeploymentPostprocessing = 0;
		};
		6BFFB8281AAFD47E0006B1BB /* Resources */ = {
			isa = PBXResourcesBuildPhase;
			buildActionMask = 2147483647;
			files = (
			);
			runOnlyForDeploymentPostprocessing = 0;
		};
/* End PBXResourcesBuildPhase section */

/* Begin PBXSourcesBuildPhase section */
		6BFFB80D1AAFD47D0006B1BB /* Sources */ = {
			isa = PBXSourcesBuildPhase;
			buildActionMask = 2147483647;
			files = (
				6BFFB81A1AAFD47D0006B1BB /* AppDelegate.m in Sources */,
				6BFFB83C1AAFD4A10006B1BB /* BNRHypnosisView.m in Sources */,
				6BFFB8171AAFD47D0006B1BB /* main.m in Sources */,
				6BFFB8421AAFD8B20006B1BB /* BNRReminderViewController.m in Sources */,
				6BFFB83F1AAFD4DE0006B1BB /* BNRHypnosisViewController.m in Sources */,
			);
			runOnlyForDeploymentPostprocessing = 0;
		};
		6BFFB8261AAFD47E0006B1BB /* Sources */ = {
			isa = PBXSourcesBuildPhase;
			buildActionMask = 2147483647;
			files = (
				6BFFB8311AAFD47E0006B1BB /* HypnoNerdTests.m in Sources */,
			);
			runOnlyForDeploymentPostprocessing = 0;
		};
/* End PBXSourcesBuildPhase section */

/* Begin PBXTargetDependency section */
		6BFFB82C1AAFD47E0006B1BB /* PBXTargetDependency */ = {
			isa = PBXTargetDependency;
			target = 6BFFB8101AAFD47D0006B1BB /* HypnoNerd */;
			targetProxy = 6BFFB82B1AAFD47E0006B1BB /* PBXContainerItemProxy */;
		};
/* End PBXTargetDependency section */

/* Begin PBXVariantGroup section */
		6BFFB81E1AAFD47D0006B1BB /* Main.storyboard */ = {
			isa = PBXVariantGroup;
			children = (
				6BFFB81F1AAFD47D0006B1BB /* Base */,
			);
			name = Main.storyboard;
			sourceTree = "<group>";
		};
		6BFFB8231AAFD47D0006B1BB /* LaunchScreen.xib */ = {
			isa = PBXVariantGroup;
			children = (
				6BFFB8241AAFD47D0006B1BB /* Base */,
			);
			name = LaunchScreen.xib;
			sourceTree = "<group>";
		};
/* End PBXVariantGroup section */

/* Begin XCBuildConfiguration section */
		6BFFB8321AAFD47E0006B1BB /* Debug */ = {
			isa = XCBuildConfiguration;
			buildSettings = {
				ALWAYS_SEARCH_USER_PATHS = NO;
				CLANG_CXX_LANGUAGE_STANDARD = "gnu++0x";
				CLANG_CXX_LIBRARY = "libc++";
				CLANG_ENABLE_MODULES = YES;
				CLANG_ENABLE_OBJC_ARC = YES;
				CLANG_WARN_BOOL_CONVERSION = YES;
				CLANG_WARN_CONSTANT_CONVERSION = YES;
				CLANG_WARN_DIRECT_OBJC_ISA_USAGE = YES_ERROR;
				CLANG_WARN_EMPTY_BODY = YES;
				CLANG_WARN_ENUM_CONVERSION = YES;
				CLANG_WARN_INT_CONVERSION = YES;
				CLANG_WARN_OBJC_ROOT_CLASS = YES_ERROR;
				CLANG_WARN_UNREACHABLE_CODE = YES;
				CLANG_WARN__DUPLICATE_METHOD_MATCH = YES;
				"CODE_SIGN_IDENTITY[sdk=iphoneos*]" = "iPhone Developer";
				COPY_PHASE_STRIP = NO;
				ENABLE_STRICT_OBJC_MSGSEND = YES;
				GCC_C_LANGUAGE_STANDARD = gnu99;
				GCC_DYNAMIC_NO_PIC = NO;
				GCC_OPTIMIZATION_LEVEL = 0;
				GCC_PREPROCESSOR_DEFINITIONS = (
					"DEBUG=1",
					"$(inherited)",
				);
				GCC_SYMBOLS_PRIVATE_EXTERN = NO;
				GCC_WARN_64_TO_32_BIT_CONVERSION = YES;
				GCC_WARN_ABOUT_RETURN_TYPE = YES_ERROR;
				GCC_WARN_UNDECLARED_SELECTOR = YES;
				GCC_WARN_UNINITIALIZED_AUTOS = YES_AGGRESSIVE;
				GCC_WARN_UNUSED_FUNCTION = YES;
				GCC_WARN_UNUSED_VARIABLE = YES;
				IPHONEOS_DEPLOYMENT_TARGET = 8.2;
				MTL_ENABLE_DEBUG_INFO = YES;
				ONLY_ACTIVE_ARCH = YES;
				SDKROOT = iphoneos;
				TARGETED_DEVICE_FAMILY = "1,2";
			};
			name = Debug;
		};
		6BFFB8331AAFD47E0006B1BB /* Release */ = {
			isa = XCBuildConfiguration;
			buildSettings = {
				ALWAYS_SEARCH_USER_PATHS = NO;
				CLANG_CXX_LANGUAGE_STANDARD = "gnu++0x";
				CLANG_CXX_LIBRARY = "libc++";
				CLANG_ENABLE_MODULES = YES;
				CLANG_ENABLE_OBJC_ARC = YES;
				CLANG_WARN_BOOL_CONVERSION = YES;
				CLANG_WARN_CONSTANT_CONVERSION = YES;
				CLANG_WARN_DIRECT_OBJC_ISA_USAGE = YES_ERROR;
				CLANG_WARN_EMPTY_BODY = YES;
				CLANG_WARN_ENUM_CONVERSION = YES;
				CLANG_WARN_INT_CONVERSION = YES;
				CLANG_WARN_OBJC_ROOT_CLASS = YES_ERROR;
				CLANG_WARN_UNREACHABLE_CODE = YES;
				CLANG_WARN__DUPLICATE_METHOD_MATCH = YES;
				"CODE_SIGN_IDENTITY[sdk=iphoneos*]" = "iPhone Developer";
				COPY_PHASE_STRIP = NO;
				ENABLE_NS_ASSERTIONS = NO;
				ENABLE_STRICT_OBJC_MSGSEND = YES;
				GCC_C_LANGUAGE_STANDARD = gnu99;
				GCC_WARN_64_TO_32_BIT_CONVERSION = YES;
				GCC_WARN_ABOUT_RETURN_TYPE = YES_ERROR;
				GCC_WARN_UNDECLARED_SELECTOR = YES;
				GCC_WARN_UNINITIALIZED_AUTOS = YES_AGGRESSIVE;
				GCC_WARN_UNUSED_FUNCTION = YES;
				GCC_WARN_UNUSED_VARIABLE = YES;
				IPHONEOS_DEPLOYMENT_TARGET = 8.2;
				MTL_ENABLE_DEBUG_INFO = NO;
				SDKROOT = iphoneos;
				TARGETED_DEVICE_FAMILY = "1,2";
				VALIDATE_PRODUCT = YES;
			};
			name = Release;
		};
		6BFFB8351AAFD47E0006B1BB /* Debug */ = {
			isa = XCBuildConfiguration;
			buildSettings = {
				ASSETCATALOG_COMPILER_APPICON_NAME = AppIcon;
				INFOPLIST_FILE = HypnoNerd/Info.plist;
				LD_RUNPATH_SEARCH_PATHS = "$(inherited) @executable_path/Frameworks";
				PRODUCT_NAME = "$(TARGET_NAME)";
			};
			name = Debug;
		};
		6BFFB8361AAFD47E0006B1BB /* Release */ = {
			isa = XCBuildConfiguration;
			buildSettings = {
				ASSETCATALOG_COMPILER_APPICON_NAME = AppIcon;
				INFOPLIST_FILE = HypnoNerd/Info.plist;
				LD_RUNPATH_SEARCH_PATHS = "$(inherited) @executable_path/Frameworks";
				PRODUCT_NAME = "$(TARGET_NAME)";
			};
			name = Release;
		};
		6BFFB8381AAFD47E0006B1BB /* Debug */ = {
			isa = XCBuildConfiguration;
			buildSettings = {
				BUNDLE_LOADER = "$(TEST_HOST)";
				FRAMEWORK_SEARCH_PATHS = (
					"$(SDKROOT)/Developer/Library/Frameworks",
					"$(inherited)",
				);
				GCC_PREPROCESSOR_DEFINITIONS = (
					"DEBUG=1",
					"$(inherited)",
				);
				INFOPLIST_FILE = HypnoNerdTests/Info.plist;
				LD_RUNPATH_SEARCH_PATHS = "$(inherited) @executable_path/Frameworks @loader_path/Frameworks";
				PRODUCT_NAME = "$(TARGET_NAME)";
				TEST_HOST = "$(BUILT_PRODUCTS_DIR)/HypnoNerd.app/HypnoNerd";
			};
			name = Debug;
		};
		6BFFB8391AAFD47E0006B1BB /* Release */ = {
			isa = XCBuildConfiguration;
			buildSettings = {
				BUNDLE_LOADER = "$(TEST_HOST)";
				FRAMEWORK_SEARCH_PATHS = (
					"$(SDKROOT)/Developer/Library/Frameworks",
					"$(inherited)",
				);
				INFOPLIST_FILE = HypnoNerdTests/Info.plist;
				LD_RUNPATH_SEARCH_PATHS = "$(inherited) @executable_path/Frameworks @loader_path/Frameworks";
				PRODUCT_NAME = "$(TARGET_NAME)";
				TEST_HOST = "$(BUILT_PRODUCTS_DIR)/HypnoNerd.app/HypnoNerd";
			};
			name = Release;
		};
/* End XCBuildConfiguration section */

/* Begin XCConfigurationList section */
		6BFFB80C1AAFD47D0006B1BB /* Build configuration list for PBXProject "HypnoNerd" */ = {
			isa = XCConfigurationList;
			buildConfigurations = (
				6BFFB8321AAFD47E0006B1BB /* Debug */,
				6BFFB8331AAFD47E0006B1BB /* Release */,
			);
			defaultConfigurationIsVisible = 0;
			defaultConfigurationName = Release;
		};
		6BFFB8341AAFD47E0006B1BB /* Build configuration list for PBXNativeTarget "HypnoNerd" */ = {
			isa = XCConfigurationList;
			buildConfigurations = (
				6BFFB8351AAFD47E0006B1BB /* Debug */,
				6BFFB8361AAFD47E0006B1BB /* Release */,
			);
			defaultConfigurationIsVisible = 0;
		};
		6BFFB8371AAFD47E0006B1BB /* Build configuration list for PBXNativeTarget "HypnoNerdTests" */ = {
			isa = XCConfigurationList;
			buildConfigurations = (
				6BFFB8381AAFD47E0006B1BB /* Debug */,
				6BFFB8391AAFD47E0006B1BB /* Release */,
			);
			defaultConfigurationIsVisible = 0;
		};
/* End XCConfigurationList section */
	};
	rootObject = 6BFFB8091AAFD47D0006B1BB /* Project object */;
}
